
Microsoft Visual Studio Solution File, Format Version 12.00
# Visual Studio Version 17
VisualStudioVersion = 17.2.32616.157
MinimumVisualStudioVersion = 10.0.40219.1
Project("{FAE04EC0-301F-11D3-BF4B-00C04F79EFBC}") = "OrderSystem", "OrderSystem\OrderSystem.csproj", "{586D78D0-6271-484A-94BA-6699B4988677}"
EndProject
Global
	GlobalSection(SolutionConfigurationPlatforms) = preSolution
		Debug|Any CPU = Debug|Any CPU
		Release|Any CPU = Release|Any CPU
	EndGlobalSection
	GlobalSection(ProjectConfigurationPlatforms) = postSolution
		{586D78D0-6271-484A-94BA-6699B4988677}.Debug|Any CPU.ActiveCfg = Debug|Any CPU
		{586D78D0-6271-484A-94BA-6699B4988677}.Debug|Any CPU.Build.0 = Debug|Any CPU
		{586D78D0-6271-484A-94BA-6699B4988677}.Release|Any CPU.ActiveCfg = Release|Any CPU
		{586D78D0-6271-484A-94BA-6699B4988677}.Release|Any CPU.Build.0 = Release|Any CPU
	EndGlobalSection
	GlobalSection(SolutionProperties) = preSolution
		HideSolutionNode = FALSE
	EndGlobalSection
	GlobalSection(ExtensibilityGlobals) = postSolution
		SolutionGuid = {C88808AF-6972-492E-92B7-18B7DC06CF69}
	EndGlobalSection
EndGlobal
